
Microsoft Visual Studio Solution File, Format Version 12.00
# Visual Studio 15
VisualStudioVersion = 15.0.26124.0
MinimumVisualStudioVersion = 15.0.26124.0
Project("{FAE04EC0-301F-11D3-BF4B-00C04F79EFBC}") = "Prometheus", "Prometheus\Prometheus.csproj", "{F2F27AAC-B8EE-4FB9-BB35-E0482C21DF89}"
EndProject
Project("{FAE04EC0-301F-11D3-BF4B-00C04F79EFBC}") = "AspNetCore", "AspNetCore\AspNetCore.csproj", "{93929570-F76A-47CB-8A0E-ABD16DE147C1}"
EndProject
Project("{FAE04EC0-301F-11D3-BF4B-00C04F79EFBC}") = "AspNetCoreTestProject", "AspNetCoreTestProject\AspNetCoreTestProject.csproj", "{9694A64E-1AEF-4B07-AAF6-4FD6348E2F31}"
EndProject
Project("{FAE04EC0-301F-11D3-BF4B-00C04F79EFBC}") = "Core", "Core\Core.csproj", "{7EDB8F19-FE13-4A14-8763-C4A0087714AD}"
EndProject
Project("{FAE04EC0-301F-11D3-BF4B-00C04F79EFBC}") = "Prometheus.Tests", "Prometheus.Tests\Prometheus.Tests.csproj", "{7BA63184-A38F-41BF-9371-63272135B529}"
EndProject
Project("{2150E333-8FDC-42A3-9474-1A3956D46DE8}") = "SolutionItems", "SolutionItems", "{F137011F-3309-4BB3-8D1D-E049F864D20B}"
ProjectSection(SolutionItems) = preProject
	Directory.Build.props = Directory.Build.props
EndProjectSection
EndProject
Project("{FAE04EC0-301F-11D3-BF4B-00C04F79EFBC}") = "Benchmarks", "Benchmarks\Benchmarks.csproj", "{6C5B5AB9-25D4-4A92-9829-821AEE2BD2EA}"
EndProject
Project("{FAE04EC0-301F-11D3-BF4B-00C04F79EFBC}") = "EntityFramework", "EntityFramework\EntityFramework.csproj", "{BCB89D12-5C35-41E8-BCCF-B0C9B617CC65}"
EndProject
Global
	GlobalSection(SolutionConfigurationPlatforms) = preSolution
		Debug|Any CPU = Debug|Any CPU
		Debug|x64 = Debug|x64
		Debug|x86 = Debug|x86
		Release|Any CPU = Release|Any CPU
		Release|x64 = Release|x64
		Release|x86 = Release|x86
	EndGlobalSection
	GlobalSection(SolutionProperties) = preSolution
		HideSolutionNode = FALSE
	EndGlobalSection
	GlobalSection(ProjectConfigurationPlatforms) = postSolution
		{F2F27AAC-B8EE-4FB9-BB35-E0482C21DF89}.Debug|Any CPU.ActiveCfg = Debug|Any CPU
		{F2F27AAC-B8EE-4FB9-BB35-E0482C21DF89}.Debug|Any CPU.Build.0 = Debug|Any CPU
		{F2F27AAC-B8EE-4FB9-BB35-E0482C21DF89}.Debug|x64.ActiveCfg = Debug|Any CPU
		{F2F27AAC-B8EE-4FB9-BB35-E0482C21DF89}.Debug|x64.Build.0 = Debug|Any CPU
		{F2F27AAC-B8EE-4FB9-BB35-E0482C21DF89}.Debug|x86.ActiveCfg = Debug|Any CPU
		{F2F27AAC-B8EE-4FB9-BB35-E0482C21DF89}.Debug|x86.Build.0 = Debug|Any CPU
		{F2F27AAC-B8EE-4FB9-BB35-E0482C21DF89}.Release|Any CPU.ActiveCfg = Release|Any CPU
		{F2F27AAC-B8EE-4FB9-BB35-E0482C21DF89}.Release|Any CPU.Build.0 = Release|Any CPU
		{F2F27AAC-B8EE-4FB9-BB35-E0482C21DF89}.Release|x64.ActiveCfg = Release|Any CPU
		{F2F27AAC-B8EE-4FB9-BB35-E0482C21DF89}.Release|x64.Build.0 = Release|Any CPU
		{F2F27AAC-B8EE-4FB9-BB35-E0482C21DF89}.Release|x86.ActiveCfg = Release|Any CPU
		{F2F27AAC-B8EE-4FB9-BB35-E0482C21DF89}.Release|x86.Build.0 = Release|Any CPU
		{93929570-F76A-47CB-8A0E-ABD16DE147C1}.Debug|Any CPU.ActiveCfg = Debug|Any CPU
		{93929570-F76A-47CB-8A0E-ABD16DE147C1}.Debug|Any CPU.Build.0 = Debug|Any CPU
		{93929570-F76A-47CB-8A0E-ABD16DE147C1}.Debug|x64.ActiveCfg = Debug|Any CPU
		{93929570-F76A-47CB-8A0E-ABD16DE147C1}.Debug|x64.Build.0 = Debug|Any CPU
		{93929570-F76A-47CB-8A0E-ABD16DE147C1}.Debug|x86.ActiveCfg = Debug|Any CPU
		{93929570-F76A-47CB-8A0E-ABD16DE147C1}.Debug|x86.Build.0 = Debug|Any CPU
		{93929570-F76A-47CB-8A0E-ABD16DE147C1}.Release|Any CPU.ActiveCfg = Release|Any CPU
		{93929570-F76A-47CB-8A0E-ABD16DE147C1}.Release|Any CPU.Build.0 = Release|Any CPU
		{93929570-F76A-47CB-8A0E-ABD16DE147C1}.Release|x64.ActiveCfg = Release|Any CPU
		{93929570-F76A-47CB-8A0E-ABD16DE147C1}.Release|x64.Build.0 = Release|Any CPU
		{93929570-F76A-47CB-8A0E-ABD16DE147C1}.Release|x86.ActiveCfg = Release|Any CPU
		{93929570-F76A-47CB-8A0E-ABD16DE147C1}.Release|x86.Build.0 = Release|Any CPU
		{9694A64E-1AEF-4B07-AAF6-4FD6348E2F31}.Debug|Any CPU.ActiveCfg = Debug|Any CPU
		{9694A64E-1AEF-4B07-AAF6-4FD6348E2F31}.Debug|Any CPU.Build.0 = Debug|Any CPU
		{9694A64E-1AEF-4B07-AAF6-4FD6348E2F31}.Debug|x64.ActiveCfg = Debug|Any CPU
		{9694A64E-1AEF-4B07-AAF6-4FD6348E2F31}.Debug|x64.Build.0 = Debug|Any CPU
		{9694A64E-1AEF-4B07-AAF6-4FD6348E2F31}.Debug|x86.ActiveCfg = Debug|Any CPU
		{9694A64E-1AEF-4B07-AAF6-4FD6348E2F31}.Debug|x86.Build.0 = Debug|Any CPU
		{9694A64E-1AEF-4B07-AAF6-4FD6348E2F31}.Release|Any CPU.ActiveCfg = Release|Any CPU
		{9694A64E-1AEF-4B07-AAF6-4FD6348E2F31}.Release|Any CPU.Build.0 = Release|Any CPU
		{9694A64E-1AEF-4B07-AAF6-4FD6348E2F31}.Release|x64.ActiveCfg = Release|Any CPU
		{9694A64E-1AEF-4B07-AAF6-4FD6348E2F31}.Release|x64.Build.0 = Release|Any CPU
		{9694A64E-1AEF-4B07-AAF6-4FD6348E2F31}.Release|x86.ActiveCfg = Release|Any CPU
		{9694A64E-1AEF-4B07-AAF6-4FD6348E2F31}.Release|x86.Build.0 = Release|Any CPU
		{7EDB8F19-FE13-4A14-8763-C4A0087714AD}.Debug|Any CPU.ActiveCfg = Debug|Any CPU
		{7EDB8F19-FE13-4A14-8763-C4A0087714AD}.Debug|Any CPU.Build.0 = Debug|Any CPU
		{7EDB8F19-FE13-4A14-8763-C4A0087714AD}.Debug|x64.ActiveCfg = Debug|Any CPU
		{7EDB8F19-FE13-4A14-8763-C4A0087714AD}.Debug|x64.Build.0 = Debug|Any CPU
		{7EDB8F19-FE13-4A14-8763-C4A0087714AD}.Debug|x86.ActiveCfg = Debug|Any CPU
		{7EDB8F19-FE13-4A14-8763-C4A0087714AD}.Debug|x86.Build.0 = Debug|Any CPU
		{7EDB8F19-FE13-4A14-8763-C4A0087714AD}.Release|Any CPU.ActiveCfg = Release|Any CPU
		{7EDB8F19-FE13-4A14-8763-C4A0087714AD}.Release|Any CPU.Build.0 = Release|Any CPU
		{7EDB8F19-FE13-4A14-8763-C4A0087714AD}.Release|x64.ActiveCfg = Release|Any CPU
		{7EDB8F19-FE13-4A14-8763-C4A0087714AD}.Release|x64.Build.0 = Release|Any CPU
		{7EDB8F19-FE13-4A14-8763-C4A0087714AD}.Release|x86.ActiveCfg = Release|Any CPU
		{7EDB8F19-FE13-4A14-8763-C4A0087714AD}.Release|x86.Build.0 = Release|Any CPU
		{7BA63184-A38F-41BF-9371-63272135B529}.Debug|Any CPU.ActiveCfg = Debug|Any CPU
		{7BA63184-A38F-41BF-9371-63272135B529}.Debug|Any CPU.Build.0 = Debug|Any CPU
		{7BA63184-A38F-41BF-9371-63272135B529}.Debug|x64.ActiveCfg = Debug|Any CPU
		{7BA63184-A38F-41BF-9371-63272135B529}.Debug|x64.Build.0 = Debug|Any CPU
		{7BA63184-A38F-41BF-9371-63272135B529}.Debug|x86.ActiveCfg = Debug|Any CPU
		{7BA63184-A38F-41BF-9371-63272135B529}.Debug|x86.Build.0 = Debug|Any CPU
		{7BA63184-A38F-41BF-9371-63272135B529}.Release|Any CPU.ActiveCfg = Release|Any CPU
		{7BA63184-A38F-41BF-9371-63272135B529}.Release|Any CPU.Build.0 = Release|Any CPU
		{7BA63184-A38F-41BF-9371-63272135B529}.Release|x64.ActiveCfg = Release|Any CPU
		{7BA63184-A38F-41BF-9371-63272135B529}.Release|x64.Build.0 = Release|Any CPU
		{7BA63184-A38F-41BF-9371-63272135B529}.Release|x86.ActiveCfg = Release|Any CPU
		{7BA63184-A38F-41BF-9371-63272135B529}.Release|x86.Build.0 = Release|Any CPU
		{6C5B5AB9-25D4-4A92-9829-821AEE2BD2EA}.Debug|Any CPU.ActiveCfg = Debug|Any CPU
		{6C5B5AB9-25D4-4A92-9829-821AEE2BD2EA}.Debug|Any CPU.Build.0 = Debug|Any CPU
		{6C5B5AB9-25D4-4A92-9829-821AEE2BD2EA}.Debug|x64.ActiveCfg = Debug|Any CPU
		{6C5B5AB9-25D4-4A92-9829-821AEE2BD2EA}.Debug|x64.Build.0 = Debug|Any CPU
		{6C5B5AB9-25D4-4A92-9829-821AEE2BD2EA}.Debug|x86.ActiveCfg = Debug|Any CPU
		{6C5B5AB9-25D4-4A92-9829-821AEE2BD2EA}.Debug|x86.Build.0 = Debug|Any CPU
		{6C5B5AB9-25D4-4A92-9829-821AEE2BD2EA}.Release|Any CPU.ActiveCfg = Release|Any CPU
		{6C5B5AB9-25D4-4A92-9829-821AEE2BD2EA}.Release|Any CPU.Build.0 = Release|Any CPU
		{6C5B5AB9-25D4-4A92-9829-821AEE2BD2EA}.Release|x64.ActiveCfg = Release|Any CPU
		{6C5B5AB9-25D4-4A92-9829-821AEE2BD2EA}.Release|x64.Build.0 = Release|Any CPU
		{6C5B5AB9-25D4-4A92-9829-821AEE2BD2EA}.Release|x86.ActiveCfg = Release|Any CPU
		{6C5B5AB9-25D4-4A92-9829-821AEE2BD2EA}.Release|x86.Build.0 = Release|Any CPU
		{BCB89D12-5C35-41E8-BCCF-B0C9B617CC65}.Debug|Any CPU.ActiveCfg = Debug|Any CPU
		{BCB89D12-5C35-41E8-BCCF-B0C9B617CC65}.Debug|Any CPU.Build.0 = Debug|Any CPU
		{BCB89D12-5C35-41E8-BCCF-B0C9B617CC65}.Debug|x64.ActiveCfg = Debug|Any CPU
		{BCB89D12-5C35-41E8-BCCF-B0C9B617CC65}.Debug|x64.Build.0 = Debug|Any CPU
		{BCB89D12-5C35-41E8-BCCF-B0C9B617CC65}.Debug|x86.ActiveCfg = Debug|Any CPU
		{BCB89D12-5C35-41E8-BCCF-B0C9B617CC65}.Debug|x86.Build.0 = Debug|Any CPU
		{BCB89D12-5C35-41E8-BCCF-B0C9B617CC65}.Release|Any CPU.ActiveCfg = Release|Any CPU
		{BCB89D12-5C35-41E8-BCCF-B0C9B617CC65}.Release|Any CPU.Build.0 = Release|Any CPU
		{BCB89D12-5C35-41E8-BCCF-B0C9B617CC65}.Release|x64.ActiveCfg = Release|Any CPU
		{BCB89D12-5C35-41E8-BCCF-B0C9B617CC65}.Release|x64.Build.0 = Release|Any CPU
		{BCB89D12-5C35-41E8-BCCF-B0C9B617CC65}.Release|x86.ActiveCfg = Release|Any CPU
		{BCB89D12-5C35-41E8-BCCF-B0C9B617CC65}.Release|x86.Build.0 = Release|Any CPU
	EndGlobalSection
EndGlobal
